
Microsoft Visual Studio Solution File, Format Version 12.00
# Visual Studio Version 16
VisualStudioVersion = 16.0.30204.135
MinimumVisualStudioVersion = 10.0.40219.1
Project("{9A19103F-16F7-4668-BE54-9A1E7A4F7556}") = "ImportantStuff.Api", "ImportantStuff.API\ImportantStuff.Api.csproj", "{76268CAA-F353-4050-BC79-ED884440B3F5}"
EndProject
Project("{9A19103F-16F7-4668-BE54-9A1E7A4F7556}") = "ImportantStuff.Model", "ImportantStuff.Model\ImportantStuff.Model.csproj", "{F94C4F14-DB69-4834-824E-FBA6FAFAD76B}"
EndProject
Project("{9A19103F-16F7-4668-BE54-9A1E7A4F7556}") = "ImportantStuff.Data", "ImportantStuff.Data\ImportantStuff.Data.csproj", "{CD7E3BFA-0659-42CD-9CB3-FF97AEC4FF62}"
EndProject
Global
	GlobalSection(SolutionConfigurationPlatforms) = preSolution
		Debug|Any CPU = Debug|Any CPU
		Release|Any CPU = Release|Any CPU
	EndGlobalSection
	GlobalSection(ProjectConfigurationPlatforms) = postSolution
		{76268CAA-F353-4050-BC79-ED884440B3F5}.Debug|Any CPU.ActiveCfg = Debug|Any CPU
		{76268CAA-F353-4050-BC79-ED884440B3F5}.Debug|Any CPU.Build.0 = Debug|Any CPU
		{76268CAA-F353-4050-BC79-ED884440B3F5}.Release|Any CPU.ActiveCfg = Release|Any CPU
		{76268CAA-F353-4050-BC79-ED884440B3F5}.Release|Any CPU.Build.0 = Release|Any CPU
		{F94C4F14-DB69-4834-824E-FBA6FAFAD76B}.Debug|Any CPU.ActiveCfg = Debug|Any CPU
		{F94C4F14-DB69-4834-824E-FBA6FAFAD76B}.Debug|Any CPU.Build.0 = Debug|Any CPU
		{F94C4F14-DB69-4834-824E-FBA6FAFAD76B}.Release|Any CPU.ActiveCfg = Release|Any CPU
		{F94C4F14-DB69-4834-824E-FBA6FAFAD76B}.Release|Any CPU.Build.0 = Release|Any CPU
		{CD7E3BFA-0659-42CD-9CB3-FF97AEC4FF62}.Debug|Any CPU.ActiveCfg = Debug|Any CPU
		{CD7E3BFA-0659-42CD-9CB3-FF97AEC4FF62}.Debug|Any CPU.Build.0 = Debug|Any CPU
		{CD7E3BFA-0659-42CD-9CB3-FF97AEC4FF62}.Release|Any CPU.ActiveCfg = Release|Any CPU
		{CD7E3BFA-0659-42CD-9CB3-FF97AEC4FF62}.Release|Any CPU.Build.0 = Release|Any CPU
	EndGlobalSection
	GlobalSection(SolutionProperties) = preSolution
		HideSolutionNode = FALSE
	EndGlobalSection
	GlobalSection(ExtensibilityGlobals) = postSolution
		SolutionGuid = {438F4E47-4DFA-47B8-8767-C76916E72715}
	EndGlobalSection
EndGlobal
